// !$*UTF8*$!
{
	archiveVersion = 1;
	classes = {
	};
	objectVersion = 50;
	objects = {

/* Begin PBXBuildFile section */
		4E1FCB35259BF07B0018AAA3 /* mcping_widget.a in Frameworks */ = {isa = PBXBuildFile; fileRef = 4E1FCB34259BF07B0018AAA3 /* mcping_widget.a */; };
		4E1FCB36259BF07B0018AAA3 /* mcping_widget.a in Frameworks */ = {isa = PBXBuildFile; fileRef = 4E1FCB34259BF07B0018AAA3 /* mcping_widget.a */; };
		4E258F24259AC7D90093B65F /* WidgetKit.framework in Frameworks */ = {isa = PBXBuildFile; fileRef = 4E258F23259AC7D90093B65F /* WidgetKit.framework */; };
		4E258F26259AC7D90093B65F /* SwiftUI.framework in Frameworks */ = {isa = PBXBuildFile; fileRef = 4E258F25259AC7D90093B65F /* SwiftUI.framework */; };
		4E258F29259AC7D90093B65F /* McpingWidgetViewExtension.swift in Sources */ = {isa = PBXBuildFile; fileRef = 4E258F28259AC7D90093B65F /* McpingWidgetViewExtension.swift */; };
		4E258F2C259AC7DA0093B65F /* Assets.xcassets in Resources */ = {isa = PBXBuildFile; fileRef = 4E258F2B259AC7DA0093B65F /* Assets.xcassets */; };
		4E258F2E259AC7DA0093B65F /* McpingWidgetViewExtension.intentdefinition in Sources */ = {isa = PBXBuildFile; fileRef = 4E258F2A259AC7D90093B65F /* McpingWidgetViewExtension.intentdefinition */; };
		4E258F2F259AC7DA0093B65F /* McpingWidgetViewExtension.intentdefinition in Sources */ = {isa = PBXBuildFile; fileRef = 4E258F2A259AC7D90093B65F /* McpingWidgetViewExtension.intentdefinition */; };
		4E258F32259AC7DA0093B65F /* McpingWidgetViewExtension.appex in Embed App Extensions */ = {isa = PBXBuildFile; fileRef = 4E258F21259AC7D90093B65F /* McpingWidgetViewExtension.appex */; settings = {ATTRIBUTES = (RemoveHeadersOnCopy, ); }; };
		4E258F51259ACBA90093B65F /* McStructs.swift in Sources */ = {isa = PBXBuildFile; fileRef = 4E6EC426259AAA58004B142B /* McStructs.swift */; };
		4E258F5B259BCD300093B65F /* PreviewData.swift in Sources */ = {isa = PBXBuildFile; fileRef = 4E258F5A259BCD300093B65F /* PreviewData.swift */; };
		4E308A8825915FB80073C5D7 /* McpingWidgetApp.swift in Sources */ = {isa = PBXBuildFile; fileRef = 4E308A8725915FB80073C5D7 /* McpingWidgetApp.swift */; };
		4E308A8A25915FB80073C5D7 /* SettingsView.swift in Sources */ = {isa = PBXBuildFile; fileRef = 4E308A8925915FB80073C5D7 /* SettingsView.swift */; };
		4E308A8C25915FBA0073C5D7 /* Assets.xcassets in Resources */ = {isa = PBXBuildFile; fileRef = 4E308A8B25915FBA0073C5D7 /* Assets.xcassets */; };
		4E308A8F25915FBA0073C5D7 /* Preview Assets.xcassets in Resources */ = {isa = PBXBuildFile; fileRef = 4E308A8E25915FBA0073C5D7 /* Preview Assets.xcassets */; };
		4E308A9A25915FBA0073C5D7 /* McpingWidgetTests.swift in Sources */ = {isa = PBXBuildFile; fileRef = 4E308A9925915FBA0073C5D7 /* McpingWidgetTests.swift */; };
		4E308AA525915FBA0073C5D7 /* McpingWidgetUITests.swift in Sources */ = {isa = PBXBuildFile; fileRef = 4E308AA425915FBA0073C5D7 /* McpingWidgetUITests.swift */; };
		4E3C08DE259C1DBB00303A35 /* minecraft.ttf in Resources */ = {isa = PBXBuildFile; fileRef = 4E3C08DD259C1DBB00303A35 /* minecraft.ttf */; };
		4E3C08DF259C1DBB00303A35 /* minecraft.ttf in Resources */ = {isa = PBXBuildFile; fileRef = 4E3C08DD259C1DBB00303A35 /* minecraft.ttf */; };
		4E6EC427259AAA58004B142B /* McStructs.swift in Sources */ = {isa = PBXBuildFile; fileRef = 4E6EC426259AAA58004B142B /* McStructs.swift */; };
/* End PBXBuildFile section */

/* Begin PBXContainerItemProxy section */
		4E258F30259AC7DA0093B65F /* PBXContainerItemProxy */ = {
			isa = PBXContainerItemProxy;
			containerPortal = 4E308A7C25915FB80073C5D7 /* Project object */;
			proxyType = 1;
			remoteGlobalIDString = 4E258F20259AC7D90093B65F;
			remoteInfo = McpingWidgetViewExtension;
		};
		4E308A9625915FBA0073C5D7 /* PBXContainerItemProxy */ = {
			isa = PBXContainerItemProxy;
			containerPortal = 4E308A7C25915FB80073C5D7 /* Project object */;
			proxyType = 1;
			remoteGlobalIDString = 4E308A8325915FB80073C5D7;
			remoteInfo = "mcping-widget";
		};
		4E308AA125915FBA0073C5D7 /* PBXContainerItemProxy */ = {
			isa = PBXContainerItemProxy;
			containerPortal = 4E308A7C25915FB80073C5D7 /* Project object */;
			proxyType = 1;
			remoteGlobalIDString = 4E308A8325915FB80073C5D7;
			remoteInfo = "mcping-widget";
		};
/* End PBXContainerItemProxy section */

/* Begin PBXCopyFilesBuildPhase section */
		4E258F33259AC7DA0093B65F /* Embed App Extensions */ = {
			isa = PBXCopyFilesBuildPhase;
			buildActionMask = 2147483647;
			dstPath = "";
			dstSubfolderSpec = 13;
			files = (
				4E258F32259AC7DA0093B65F /* McpingWidgetViewExtension.appex in Embed App Extensions */,
			);
			name = "Embed App Extensions";
			runOnlyForDeploymentPostprocessing = 0;
		};
/* End PBXCopyFilesBuildPhase section */

/* Begin PBXFileReference section */
		4E1FCB34259BF07B0018AAA3 /* mcping_widget.a */ = {isa = PBXFileReference; lastKnownFileType = archive.ar; path = mcping_widget.a; sourceTree = "<group>"; };
		4E1FCB3F259BF1350018AAA3 /* mcping_widget.h */ = {isa = PBXFileReference; fileEncoding = 4; lastKnownFileType = sourcecode.c.h; path = mcping_widget.h; sourceTree = "<group>"; };
		4E1FCB64259BFF740018AAA3 /* generate-rust-lib.sh */ = {isa = PBXFileReference; lastKnownFileType = text.script.sh; path = "generate-rust-lib.sh"; sourceTree = "<group>"; };
		4E258F21259AC7D90093B65F /* McpingWidgetViewExtension.appex */ = {isa = PBXFileReference; explicitFileType = "wrapper.app-extension"; includeInIndex = 0; path = McpingWidgetViewExtension.appex; sourceTree = BUILT_PRODUCTS_DIR; };
		4E258F23259AC7D90093B65F /* WidgetKit.framework */ = {isa = PBXFileReference; lastKnownFileType = wrapper.framework; name = WidgetKit.framework; path = System/Library/Frameworks/WidgetKit.framework; sourceTree = SDKROOT; };
		4E258F25259AC7D90093B65F /* SwiftUI.framework */ = {isa = PBXFileReference; lastKnownFileType = wrapper.framework; name = SwiftUI.framework; path = System/Library/Frameworks/SwiftUI.framework; sourceTree = SDKROOT; };
		4E258F28259AC7D90093B65F /* McpingWidgetViewExtension.swift */ = {isa = PBXFileReference; lastKnownFileType = sourcecode.swift; path = McpingWidgetViewExtension.swift; sourceTree = "<group>"; };
		4E258F2A259AC7D90093B65F /* McpingWidgetViewExtension.intentdefinition */ = {isa = PBXFileReference; lastKnownFileType = file.intentdefinition; path = McpingWidgetViewExtension.intentdefinition; sourceTree = "<group>"; };
		4E258F2B259AC7DA0093B65F /* Assets.xcassets */ = {isa = PBXFileReference; lastKnownFileType = folder.assetcatalog; path = Assets.xcassets; sourceTree = "<group>"; };
		4E258F2D259AC7DA0093B65F /* Info.plist */ = {isa = PBXFileReference; lastKnownFileType = text.plist.xml; path = Info.plist; sourceTree = "<group>"; };
		4E258F5A259BCD300093B65F /* PreviewData.swift */ = {isa = PBXFileReference; lastKnownFileType = sourcecode.swift; path = PreviewData.swift; sourceTree = "<group>"; };
		4E308A8425915FB80073C5D7 /* McpingWidget.app */ = {isa = PBXFileReference; explicitFileType = wrapper.application; includeInIndex = 0; path = McpingWidget.app; sourceTree = BUILT_PRODUCTS_DIR; };
		4E308A8725915FB80073C5D7 /* McpingWidgetApp.swift */ = {isa = PBXFileReference; lastKnownFileType = sourcecode.swift; path = McpingWidgetApp.swift; sourceTree = "<group>"; };
		4E308A8925915FB80073C5D7 /* SettingsView.swift */ = {isa = PBXFileReference; lastKnownFileType = sourcecode.swift; path = SettingsView.swift; sourceTree = "<group>"; };
		4E308A8B25915FBA0073C5D7 /* Assets.xcassets */ = {isa = PBXFileReference; lastKnownFileType = folder.assetcatalog; path = Assets.xcassets; sourceTree = "<group>"; };
		4E308A8E25915FBA0073C5D7 /* Preview Assets.xcassets */ = {isa = PBXFileReference; lastKnownFileType = folder.assetcatalog; path = "Preview Assets.xcassets"; sourceTree = "<group>"; };
		4E308A9025915FBA0073C5D7 /* Info.plist */ = {isa = PBXFileReference; lastKnownFileType = text.plist.xml; path = Info.plist; sourceTree = "<group>"; };
		4E308A9525915FBA0073C5D7 /* McpingWidgetTests.xctest */ = {isa = PBXFileReference; explicitFileType = wrapper.cfbundle; includeInIndex = 0; path = McpingWidgetTests.xctest; sourceTree = BUILT_PRODUCTS_DIR; };
		4E308A9925915FBA0073C5D7 /* McpingWidgetTests.swift */ = {isa = PBXFileReference; lastKnownFileType = sourcecode.swift; path = McpingWidgetTests.swift; sourceTree = "<group>"; };
		4E308A9B25915FBA0073C5D7 /* Info.plist */ = {isa = PBXFileReference; lastKnownFileType = text.plist.xml; path = Info.plist; sourceTree = "<group>"; };
		4E308AA025915FBA0073C5D7 /* McpingWidgetUITests.xctest */ = {isa = PBXFileReference; explicitFileType = wrapper.cfbundle; includeInIndex = 0; path = McpingWidgetUITests.xctest; sourceTree = BUILT_PRODUCTS_DIR; };
		4E308AA425915FBA0073C5D7 /* McpingWidgetUITests.swift */ = {isa = PBXFileReference; lastKnownFileType = sourcecode.swift; path = McpingWidgetUITests.swift; sourceTree = "<group>"; };
		4E308AA625915FBA0073C5D7 /* Info.plist */ = {isa = PBXFileReference; lastKnownFileType = text.plist.xml; path = Info.plist; sourceTree = "<group>"; };
		4E3C08DD259C1DBB00303A35 /* minecraft.ttf */ = {isa = PBXFileReference; lastKnownFileType = file; path = minecraft.ttf; sourceTree = "<group>"; };
		4E3C08E9259C23C300303A35 /* LICENSE */ = {isa = PBXFileReference; lastKnownFileType = text; path = LICENSE; sourceTree = "<group>"; };
		4E3C153B259160C800549980 /* mcping-widget-Bridging-Header.h */ = {isa = PBXFileReference; lastKnownFileType = sourcecode.c.h; path = "mcping-widget-Bridging-Header.h"; sourceTree = "<group>"; };
		4E6EC426259AAA58004B142B /* McStructs.swift */ = {isa = PBXFileReference; lastKnownFileType = sourcecode.swift; path = McStructs.swift; sourceTree = "<group>"; };
/* End PBXFileReference section */

/* Begin PBXFrameworksBuildPhase section */
		4E258F1E259AC7D90093B65F /* Frameworks */ = {
			isa = PBXFrameworksBuildPhase;
			buildActionMask = 2147483647;
			files = (
				4E258F26259AC7D90093B65F /* SwiftUI.framework in Frameworks */,
				4E258F24259AC7D90093B65F /* WidgetKit.framework in Frameworks */,
				4E1FCB36259BF07B0018AAA3 /* mcping_widget.a in Frameworks */,
			);
			runOnlyForDeploymentPostprocessing = 0;
		};
		4E308A8125915FB80073C5D7 /* Frameworks */ = {
			isa = PBXFrameworksBuildPhase;
			buildActionMask = 2147483647;
			files = (
				4E1FCB35259BF07B0018AAA3 /* mcping_widget.a in Frameworks */,
			);
			runOnlyForDeploymentPostprocessing = 0;
		};
		4E308A9225915FBA0073C5D7 /* Frameworks */ = {
			isa = PBXFrameworksBuildPhase;
			buildActionMask = 2147483647;
			files = (
			);
			runOnlyForDeploymentPostprocessing = 0;
		};
		4E308A9D25915FBA0073C5D7 /* Frameworks */ = {
			isa = PBXFrameworksBuildPhase;
			buildActionMask = 2147483647;
			files = (
			);
			runOnlyForDeploymentPostprocessing = 0;
		};
/* End PBXFrameworksBuildPhase section */

/* Begin PBXGroup section */
		4E258F22259AC7D90093B65F /* Frameworks */ = {
			isa = PBXGroup;
			children = (
				4E258F23259AC7D90093B65F /* WidgetKit.framework */,
				4E258F25259AC7D90093B65F /* SwiftUI.framework */,
			);
			name = Frameworks;
			sourceTree = "<group>";
		};
		4E258F27259AC7D90093B65F /* McpingWidgetViewExtension */ = {
			isa = PBXGroup;
			children = (
				4E3C08E4259C227C00303A35 /* Fonts */,
				4E258F28259AC7D90093B65F /* McpingWidgetViewExtension.swift */,
				4E258F2A259AC7D90093B65F /* McpingWidgetViewExtension.intentdefinition */,
				4E258F2B259AC7DA0093B65F /* Assets.xcassets */,
				4E258F2D259AC7DA0093B65F /* Info.plist */,
				4E258F5A259BCD300093B65F /* PreviewData.swift */,
			);
			path = McpingWidgetViewExtension;
			sourceTree = "<group>";
		};
		4E308A7B25915FB80073C5D7 = {
			isa = PBXGroup;
			children = (
				4E1FCB64259BFF740018AAA3 /* generate-rust-lib.sh */,
				4E3C153A2591609B00549980 /* mcping-widget-lib */,
				4E308A8625915FB80073C5D7 /* mcping-widget */,
				4E308A9825915FBA0073C5D7 /* mcping-widgetTests */,
				4E308AA325915FBA0073C5D7 /* mcping-widgetUITests */,
				4E258F27259AC7D90093B65F /* McpingWidgetViewExtension */,
				4E258F22259AC7D90093B65F /* Frameworks */,
				4E308A8525915FB80073C5D7 /* Products */,
			);
			sourceTree = "<group>";
		};
		4E308A8525915FB80073C5D7 /* Products */ = {
			isa = PBXGroup;
			children = (
				4E308A8425915FB80073C5D7 /* McpingWidget.app */,
				4E308A9525915FBA0073C5D7 /* McpingWidgetTests.xctest */,
				4E308AA025915FBA0073C5D7 /* McpingWidgetUITests.xctest */,
				4E258F21259AC7D90093B65F /* McpingWidgetViewExtension.appex */,
			);
			name = Products;
			sourceTree = "<group>";
		};
		4E308A8625915FB80073C5D7 /* mcping-widget */ = {
			isa = PBXGroup;
			children = (
				4E308A9025915FBA0073C5D7 /* Info.plist */,
				4E308A8925915FB80073C5D7 /* SettingsView.swift */,
				4E308A8725915FB80073C5D7 /* McpingWidgetApp.swift */,
				4E308A8B25915FBA0073C5D7 /* Assets.xcassets */,
				4E308A8D25915FBA0073C5D7 /* Preview Content */,
				4E6EC426259AAA58004B142B /* McStructs.swift */,
			);
			path = "mcping-widget";
			sourceTree = "<group>";
		};
		4E308A8D25915FBA0073C5D7 /* Preview Content */ = {
			isa = PBXGroup;
			children = (
				4E308A8E25915FBA0073C5D7 /* Preview Assets.xcassets */,
			);
			path = "Preview Content";
			sourceTree = "<group>";
		};
		4E308A9825915FBA0073C5D7 /* mcping-widgetTests */ = {
			isa = PBXGroup;
			children = (
				4E308A9925915FBA0073C5D7 /* McpingWidgetTests.swift */,
				4E308A9B25915FBA0073C5D7 /* Info.plist */,
			);
			path = "mcping-widgetTests";
			sourceTree = "<group>";
		};
		4E308AA325915FBA0073C5D7 /* mcping-widgetUITests */ = {
			isa = PBXGroup;
			children = (
				4E308AA425915FBA0073C5D7 /* McpingWidgetUITests.swift */,
				4E308AA625915FBA0073C5D7 /* Info.plist */,
			);
			path = "mcping-widgetUITests";
			sourceTree = "<group>";
		};
		4E3C08E4259C227C00303A35 /* Fonts */ = {
			isa = PBXGroup;
			children = (
				4E3C08DD259C1DBB00303A35 /* minecraft.ttf */,
				4E3C08E9259C23C300303A35 /* LICENSE */,
			);
			path = Fonts;
			sourceTree = "<group>";
		};
		4E3C153A2591609B00549980 /* mcping-widget-lib */ = {
			isa = PBXGroup;
			children = (
				4E3C153B259160C800549980 /* mcping-widget-Bridging-Header.h */,
				4E1FCB3F259BF1350018AAA3 /* mcping_widget.h */,
				4E1FCB34259BF07B0018AAA3 /* mcping_widget.a */,
			);
			path = "mcping-widget-lib";
			sourceTree = "<group>";
		};
/* End PBXGroup section */

/* Begin PBXNativeTarget section */
		4E258F20259AC7D90093B65F /* McpingWidgetViewExtension */ = {
			isa = PBXNativeTarget;
			buildConfigurationList = 4E258F36259AC7DA0093B65F /* Build configuration list for PBXNativeTarget "McpingWidgetViewExtension" */;
			buildPhases = (
				4E1FCB23259BEE610018AAA3 /* ShellScript */,
				4E258F1D259AC7D90093B65F /* Sources */,
				4E258F1E259AC7D90093B65F /* Frameworks */,
				4E258F1F259AC7D90093B65F /* Resources */,
			);
			buildRules = (
			);
			dependencies = (
			);
			name = McpingWidgetViewExtension;
			productName = McpingWidgetViewExtension;
			productReference = 4E258F21259AC7D90093B65F /* McpingWidgetViewExtension.appex */;
			productType = "com.apple.product-type.app-extension";
		};
		4E308A8325915FB80073C5D7 /* McpingWidget */ = {
			isa = PBXNativeTarget;
			buildConfigurationList = 4E308AA925915FBA0073C5D7 /* Build configuration list for PBXNativeTarget "McpingWidget" */;
			buildPhases = (
				4E308A8025915FB80073C5D7 /* Sources */,
				4E308A8125915FB80073C5D7 /* Frameworks */,
				4E308A8225915FB80073C5D7 /* Resources */,
				4E258F33259AC7DA0093B65F /* Embed App Extensions */,
			);
			buildRules = (
			);
			dependencies = (
				4E258F31259AC7DA0093B65F /* PBXTargetDependency */,
			);
			name = McpingWidget;
			productName = "mcping-widget";
			productReference = 4E308A8425915FB80073C5D7 /* McpingWidget.app */;
			productType = "com.apple.product-type.application";
		};
		4E308A9425915FBA0073C5D7 /* McpingWidgetTests */ = {
			isa = PBXNativeTarget;
			buildConfigurationList = 4E308AAC25915FBA0073C5D7 /* Build configuration list for PBXNativeTarget "McpingWidgetTests" */;
			buildPhases = (
				4E308A9125915FBA0073C5D7 /* Sources */,
				4E308A9225915FBA0073C5D7 /* Frameworks */,
				4E308A9325915FBA0073C5D7 /* Resources */,
			);
			buildRules = (
			);
			dependencies = (
				4E308A9725915FBA0073C5D7 /* PBXTargetDependency */,
			);
			name = McpingWidgetTests;
			productName = "mcping-widgetTests";
			productReference = 4E308A9525915FBA0073C5D7 /* McpingWidgetTests.xctest */;
			productType = "com.apple.product-type.bundle.unit-test";
		};
		4E308A9F25915FBA0073C5D7 /* McpingWidgetUITests */ = {
			isa = PBXNativeTarget;
			buildConfigurationList = 4E308AAF25915FBA0073C5D7 /* Build configuration list for PBXNativeTarget "McpingWidgetUITests" */;
			buildPhases = (
				4E308A9C25915FBA0073C5D7 /* Sources */,
				4E308A9D25915FBA0073C5D7 /* Frameworks */,
				4E308A9E25915FBA0073C5D7 /* Resources */,
			);
			buildRules = (
			);
			dependencies = (
				4E308AA225915FBA0073C5D7 /* PBXTargetDependency */,
			);
			name = McpingWidgetUITests;
			productName = "mcping-widgetUITests";
			productReference = 4E308AA025915FBA0073C5D7 /* McpingWidgetUITests.xctest */;
			productType = "com.apple.product-type.bundle.ui-testing";
		};
/* End PBXNativeTarget section */

/* Begin PBXProject section */
		4E308A7C25915FB80073C5D7 /* Project object */ = {
			isa = PBXProject;
			attributes = {
				LastSwiftUpdateCheck = 1230;
				LastUpgradeCheck = 1230;
				TargetAttributes = {
					4E258F20259AC7D90093B65F = {
						CreatedOnToolsVersion = 12.3;
					};
					4E308A8325915FB80073C5D7 = {
						CreatedOnToolsVersion = 12.3;
						LastSwiftMigration = 1230;
					};
					4E308A9425915FBA0073C5D7 = {
						CreatedOnToolsVersion = 12.3;
						TestTargetID = 4E308A8325915FB80073C5D7;
					};
					4E308A9F25915FBA0073C5D7 = {
						CreatedOnToolsVersion = 12.3;
						TestTargetID = 4E308A8325915FB80073C5D7;
					};
				};
			};
			buildConfigurationList = 4E308A7F25915FB80073C5D7 /* Build configuration list for PBXProject "McpingWidget" */;
			compatibilityVersion = "Xcode 9.3";
			developmentRegion = en;
			hasScannedForEncodings = 0;
			knownRegions = (
				en,
				Base,
			);
			mainGroup = 4E308A7B25915FB80073C5D7;
			productRefGroup = 4E308A8525915FB80073C5D7 /* Products */;
			projectDirPath = "";
			projectRoot = "";
			targets = (
				4E308A8325915FB80073C5D7 /* McpingWidget */,
				4E308A9425915FBA0073C5D7 /* McpingWidgetTests */,
				4E308A9F25915FBA0073C5D7 /* McpingWidgetUITests */,
				4E258F20259AC7D90093B65F /* McpingWidgetViewExtension */,
			);
		};
/* End PBXProject section */

/* Begin PBXResourcesBuildPhase section */
		4E258F1F259AC7D90093B65F /* Resources */ = {
			isa = PBXResourcesBuildPhase;
			buildActionMask = 2147483647;
			files = (
				4E3C08DF259C1DBB00303A35 /* minecraft.ttf in Resources */,
				4E258F2C259AC7DA0093B65F /* Assets.xcassets in Resources */,
			);
			runOnlyForDeploymentPostprocessing = 0;
		};
		4E308A8225915FB80073C5D7 /* Resources */ = {
			isa = PBXResourcesBuildPhase;
			buildActionMask = 2147483647;
			files = (
				4E308A8F25915FBA0073C5D7 /* Preview Assets.xcassets in Resources */,
				4E308A8C25915FBA0073C5D7 /* Assets.xcassets in Resources */,
				4E3C08DE259C1DBB00303A35 /* minecraft.ttf in Resources */,
			);
			runOnlyForDeploymentPostprocessing = 0;
		};
		4E308A9325915FBA0073C5D7 /* Resources */ = {
			isa = PBXResourcesBuildPhase;
			buildActionMask = 2147483647;
			files = (
			);
			runOnlyForDeploymentPostprocessing = 0;
		};
		4E308A9E25915FBA0073C5D7 /* Resources */ = {
			isa = PBXResourcesBuildPhase;
			buildActionMask = 2147483647;
			files = (
			);
			runOnlyForDeploymentPostprocessing = 0;
		};
/* End PBXResourcesBuildPhase section */

/* Begin PBXShellScriptBuildPhase section */
		4E1FCB23259BEE610018AAA3 /* ShellScript */ = {
			isa = PBXShellScriptBuildPhase;
			buildActionMask = 2147483647;
			files = (
			);
			inputFileListPaths = (
			);
			inputPaths = (
			);
			outputFileListPaths = (
			);
			outputPaths = (
			);
			runOnlyForDeploymentPostprocessing = 0;
			shellPath = /bin/sh;
			shellScript = "$SRCROOT/generate-rust-lib.sh\n";
		};
/* End PBXShellScriptBuildPhase section */

/* Begin PBXSourcesBuildPhase section */
		4E258F1D259AC7D90093B65F /* Sources */ = {
			isa = PBXSourcesBuildPhase;
			buildActionMask = 2147483647;
			files = (
				4E258F5B259BCD300093B65F /* PreviewData.swift in Sources */,
				4E258F2E259AC7DA0093B65F /* McpingWidgetViewExtension.intentdefinition in Sources */,
				4E258F51259ACBA90093B65F /* McStructs.swift in Sources */,
				4E258F29259AC7D90093B65F /* McpingWidgetViewExtension.swift in Sources */,
			);
			runOnlyForDeploymentPostprocessing = 0;
		};
		4E308A8025915FB80073C5D7 /* Sources */ = {
			isa = PBXSourcesBuildPhase;
			buildActionMask = 2147483647;
			files = (
				4E308A8A25915FB80073C5D7 /* SettingsView.swift in Sources */,
				4E6EC427259AAA58004B142B /* McStructs.swift in Sources */,
				4E258F2F259AC7DA0093B65F /* McpingWidgetViewExtension.intentdefinition in Sources */,
				4E308A8825915FB80073C5D7 /* McpingWidgetApp.swift in Sources */,
			);
			runOnlyForDeploymentPostprocessing = 0;
		};
		4E308A9125915FBA0073C5D7 /* Sources */ = {
			isa = PBXSourcesBuildPhase;
			buildActionMask = 2147483647;
			files = (
				4E308A9A25915FBA0073C5D7 /* McpingWidgetTests.swift in Sources */,
			);
			runOnlyForDeploymentPostprocessing = 0;
		};
		4E308A9C25915FBA0073C5D7 /* Sources */ = {
			isa = PBXSourcesBuildPhase;
			buildActionMask = 2147483647;
			files = (
				4E308AA525915FBA0073C5D7 /* McpingWidgetUITests.swift in Sources */,
			);
			runOnlyForDeploymentPostprocessing = 0;
		};
/* End PBXSourcesBuildPhase section */

/* Begin PBXTargetDependency section */
		4E258F31259AC7DA0093B65F /* PBXTargetDependency */ = {
			isa = PBXTargetDependency;
			target = 4E258F20259AC7D90093B65F /* McpingWidgetViewExtension */;
			targetProxy = 4E258F30259AC7DA0093B65F /* PBXContainerItemProxy */;
		};
		4E308A9725915FBA0073C5D7 /* PBXTargetDependency */ = {
			isa = PBXTargetDependency;
			target = 4E308A8325915FB80073C5D7 /* McpingWidget */;
			targetProxy = 4E308A9625915FBA0073C5D7 /* PBXContainerItemProxy */;
		};
		4E308AA225915FBA0073C5D7 /* PBXTargetDependency */ = {
			isa = PBXTargetDependency;
			target = 4E308A8325915FB80073C5D7 /* McpingWidget */;
			targetProxy = 4E308AA125915FBA0073C5D7 /* PBXContainerItemProxy */;
		};
/* End PBXTargetDependency section */

/* Begin XCBuildConfiguration section */
		4E258F34259AC7DA0093B65F /* Debug */ = {
			isa = XCBuildConfiguration;
			buildSettings = {
				ASSETCATALOG_COMPILER_GLOBAL_ACCENT_COLOR_NAME = AccentColor;
				ASSETCATALOG_COMPILER_WIDGET_BACKGROUND_COLOR_NAME = WidgetBackground;
				CODE_SIGN_STYLE = Automatic;
				CURRENT_PROJECT_VERSION = 3;
				DEVELOPMENT_TEAM = Z79T9AJ776;
				INFOPLIST_FILE = McpingWidgetViewExtension/Info.plist;
				IPHONEOS_DEPLOYMENT_TARGET = 14.0;
				LD_RUNPATH_SEARCH_PATHS = (
					"$(inherited)",
					"@executable_path/Frameworks",
					"@executable_path/../../Frameworks",
				);
				LIBRARY_SEARCH_PATHS = "$(PROJECT_DIR)/mcping-widget-lib";
				MARKETING_VERSION = 0.0.1;
				PRODUCT_BUNDLE_IDENTIFIER = "dev.cldfire.minecraft-status.McpingWidgetViewExtension";
				PRODUCT_NAME = "$(TARGET_NAME)";
				SKIP_INSTALL = YES;
				SWIFT_OBJC_BRIDGING_HEADER = "mcping-widget-lib/mcping-widget-Bridging-Header.h";
				SWIFT_VERSION = 5.0;
				TARGETED_DEVICE_FAMILY = "1,2";
			};
			name = Debug;
		};
		4E258F35259AC7DA0093B65F /* Release */ = {
			isa = XCBuildConfiguration;
			buildSettings = {
				ASSETCATALOG_COMPILER_GLOBAL_ACCENT_COLOR_NAME = AccentColor;
				ASSETCATALOG_COMPILER_WIDGET_BACKGROUND_COLOR_NAME = WidgetBackground;
				CODE_SIGN_STYLE = Automatic;
				CURRENT_PROJECT_VERSION = 3;
				DEVELOPMENT_TEAM = Z79T9AJ776;
				INFOPLIST_FILE = McpingWidgetViewExtension/Info.plist;
				IPHONEOS_DEPLOYMENT_TARGET = 14.0;
				LD_RUNPATH_SEARCH_PATHS = (
					"$(inherited)",
					"@executable_path/Frameworks",
					"@executable_path/../../Frameworks",
				);
				LIBRARY_SEARCH_PATHS = "$(PROJECT_DIR)/mcping-widget-lib";
				MARKETING_VERSION = 0.0.1;
				PRODUCT_BUNDLE_IDENTIFIER = "dev.cldfire.minecraft-status.McpingWidgetViewExtension";
				PRODUCT_NAME = "$(TARGET_NAME)";
				SKIP_INSTALL = YES;
				SWIFT_OBJC_BRIDGING_HEADER = "mcping-widget-lib/mcping-widget-Bridging-Header.h";
				SWIFT_VERSION = 5.0;
				TARGETED_DEVICE_FAMILY = "1,2";
			};
			name = Release;
		};
		4E308AA725915FBA0073C5D7 /* Debug */ = {
			isa = XCBuildConfiguration;
			buildSettings = {
				ALWAYS_SEARCH_USER_PATHS = NO;
				CLANG_ANALYZER_NONNULL = YES;
				CLANG_ANALYZER_NUMBER_OBJECT_CONVERSION = YES_AGGRESSIVE;
				CLANG_CXX_LANGUAGE_STANDARD = "gnu++14";
				CLANG_CXX_LIBRARY = "libc++";
				CLANG_ENABLE_MODULES = YES;
				CLANG_ENABLE_OBJC_ARC = YES;
				CLANG_ENABLE_OBJC_WEAK = YES;
				CLANG_WARN_BLOCK_CAPTURE_AUTORELEASING = YES;
				CLANG_WARN_BOOL_CONVERSION = YES;
				CLANG_WARN_COMMA = YES;
				CLANG_WARN_CONSTANT_CONVERSION = YES;
				CLANG_WARN_DEPRECATED_OBJC_IMPLEMENTATIONS = YES;
				CLANG_WARN_DIRECT_OBJC_ISA_USAGE = YES_ERROR;
				CLANG_WARN_DOCUMENTATION_COMMENTS = YES;
				CLANG_WARN_EMPTY_BODY = YES;
				CLANG_WARN_ENUM_CONVERSION = YES;
				CLANG_WARN_INFINITE_RECURSION = YES;
				CLANG_WARN_INT_CONVERSION = YES;
				CLANG_WARN_NON_LITERAL_NULL_CONVERSION = YES;
				CLANG_WARN_OBJC_IMPLICIT_RETAIN_SELF = YES;
				CLANG_WARN_OBJC_LITERAL_CONVERSION = YES;
				CLANG_WARN_OBJC_ROOT_CLASS = YES_ERROR;
				CLANG_WARN_QUOTED_INCLUDE_IN_FRAMEWORK_HEADER = YES;
				CLANG_WARN_RANGE_LOOP_ANALYSIS = YES;
				CLANG_WARN_STRICT_PROTOTYPES = YES;
				CLANG_WARN_SUSPICIOUS_MOVE = YES;
				CLANG_WARN_UNGUARDED_AVAILABILITY = YES_AGGRESSIVE;
				CLANG_WARN_UNREACHABLE_CODE = YES;
				CLANG_WARN__DUPLICATE_METHOD_MATCH = YES;
				COPY_PHASE_STRIP = NO;
				DEBUG_INFORMATION_FORMAT = dwarf;
				ENABLE_STRICT_OBJC_MSGSEND = YES;
				ENABLE_TESTABILITY = YES;
				GCC_C_LANGUAGE_STANDARD = gnu11;
				GCC_DYNAMIC_NO_PIC = NO;
				GCC_NO_COMMON_BLOCKS = YES;
				GCC_OPTIMIZATION_LEVEL = 0;
				GCC_PREPROCESSOR_DEFINITIONS = (
					"DEBUG=1",
					"$(inherited)",
				);
				GCC_WARN_64_TO_32_BIT_CONVERSION = YES;
				GCC_WARN_ABOUT_RETURN_TYPE = YES_ERROR;
				GCC_WARN_UNDECLARED_SELECTOR = YES;
				GCC_WARN_UNINITIALIZED_AUTOS = YES_AGGRESSIVE;
				GCC_WARN_UNUSED_FUNCTION = YES;
				GCC_WARN_UNUSED_VARIABLE = YES;
				IPHONEOS_DEPLOYMENT_TARGET = 14.3;
				MTL_ENABLE_DEBUG_INFO = INCLUDE_SOURCE;
				MTL_FAST_MATH = YES;
				ONLY_ACTIVE_ARCH = YES;
				SDKROOT = iphoneos;
				SWIFT_ACTIVE_COMPILATION_CONDITIONS = DEBUG;
				SWIFT_OPTIMIZATION_LEVEL = "-Onone";
			};
			name = Debug;
		};
		4E308AA825915FBA0073C5D7 /* Release */ = {
			isa = XCBuildConfiguration;
			buildSettings = {
				ALWAYS_SEARCH_USER_PATHS = NO;
				CLANG_ANALYZER_NONNULL = YES;
				CLANG_ANALYZER_NUMBER_OBJECT_CONVERSION = YES_AGGRESSIVE;
				CLANG_CXX_LANGUAGE_STANDARD = "gnu++14";
				CLANG_CXX_LIBRARY = "libc++";
				CLANG_ENABLE_MODULES = YES;
				CLANG_ENABLE_OBJC_ARC = YES;
				CLANG_ENABLE_OBJC_WEAK = YES;
				CLANG_WARN_BLOCK_CAPTURE_AUTORELEASING = YES;
				CLANG_WARN_BOOL_CONVERSION = YES;
				CLANG_WARN_COMMA = YES;
				CLANG_WARN_CONSTANT_CONVERSION = YES;
				CLANG_WARN_DEPRECATED_OBJC_IMPLEMENTATIONS = YES;
				CLANG_WARN_DIRECT_OBJC_ISA_USAGE = YES_ERROR;
				CLANG_WARN_DOCUMENTATION_COMMENTS = YES;
				CLANG_WARN_EMPTY_BODY = YES;
				CLANG_WARN_ENUM_CONVERSION = YES;
				CLANG_WARN_INFINITE_RECURSION = YES;
				CLANG_WARN_INT_CONVERSION = YES;
				CLANG_WARN_NON_LITERAL_NULL_CONVERSION = YES;
				CLANG_WARN_OBJC_IMPLICIT_RETAIN_SELF = YES;
				CLANG_WARN_OBJC_LITERAL_CONVERSION = YES;
				CLANG_WARN_OBJC_ROOT_CLASS = YES_ERROR;
				CLANG_WARN_QUOTED_INCLUDE_IN_FRAMEWORK_HEADER = YES;
				CLANG_WARN_RANGE_LOOP_ANALYSIS = YES;
				CLANG_WARN_STRICT_PROTOTYPES = YES;
				CLANG_WARN_SUSPICIOUS_MOVE = YES;
				CLANG_WARN_UNGUARDED_AVAILABILITY = YES_AGGRESSIVE;
				CLANG_WARN_UNREACHABLE_CODE = YES;
				CLANG_WARN__DUPLICATE_METHOD_MATCH = YES;
				COPY_PHASE_STRIP = NO;
				DEBUG_INFORMATION_FORMAT = "dwarf-with-dsym";
				ENABLE_NS_ASSERTIONS = NO;
				ENABLE_STRICT_OBJC_MSGSEND = YES;
				GCC_C_LANGUAGE_STANDARD = gnu11;
				GCC_NO_COMMON_BLOCKS = YES;
				GCC_WARN_64_TO_32_BIT_CONVERSION = YES;
				GCC_WARN_ABOUT_RETURN_TYPE = YES_ERROR;
				GCC_WARN_UNDECLARED_SELECTOR = YES;
				GCC_WARN_UNINITIALIZED_AUTOS = YES_AGGRESSIVE;
				GCC_WARN_UNUSED_FUNCTION = YES;
				GCC_WARN_UNUSED_VARIABLE = YES;
				IPHONEOS_DEPLOYMENT_TARGET = 14.3;
				MTL_ENABLE_DEBUG_INFO = NO;
				MTL_FAST_MATH = YES;
				SDKROOT = iphoneos;
				SWIFT_COMPILATION_MODE = wholemodule;
				SWIFT_OPTIMIZATION_LEVEL = "-O";
				VALIDATE_PRODUCT = YES;
			};
			name = Release;
		};
		4E308AAA25915FBA0073C5D7 /* Debug */ = {
			isa = XCBuildConfiguration;
			buildSettings = {
				ALWAYS_EMBED_SWIFT_STANDARD_LIBRARIES = YES;
				ASSETCATALOG_COMPILER_APPICON_NAME = AppIcon;
				ASSETCATALOG_COMPILER_GLOBAL_ACCENT_COLOR_NAME = AccentColor;
				CLANG_ENABLE_MODULES = YES;
				CODE_SIGN_STYLE = Automatic;
				CURRENT_PROJECT_VERSION = 3;
				DEVELOPMENT_ASSET_PATHS = "\"mcping-widget/Preview Content\"";
				DEVELOPMENT_TEAM = Z79T9AJ776;
				ENABLE_PREVIEWS = YES;
				INFOPLIST_FILE = "mcping-widget/Info.plist";
				IPHONEOS_DEPLOYMENT_TARGET = 14.0;
				LD_RUNPATH_SEARCH_PATHS = (
					"$(inherited)",
					"@executable_path/Frameworks",
				);
				LIBRARY_SEARCH_PATHS = "$(PROJECT_DIR)/mcping-widget-lib";
				MARKETING_VERSION = 0.0.1;
				PRODUCT_BUNDLE_IDENTIFIER = "dev.cldfire.minecraft-status";
				PRODUCT_NAME = "$(TARGET_NAME)";
				SWIFT_OBJC_BRIDGING_HEADER = "mcping-widget-lib/mcping-widget-Bridging-Header.h";
				SWIFT_OPTIMIZATION_LEVEL = "-Onone";
				SWIFT_VERSION = 5.0;
				TARGETED_DEVICE_FAMILY = "1,2";
			};
			name = Debug;
		};
		4E308AAB25915FBA0073C5D7 /* Release */ = {
			isa = XCBuildConfiguration;
			buildSettings = {
				ALWAYS_EMBED_SWIFT_STANDARD_LIBRARIES = YES;
				ASSETCATALOG_COMPILER_APPICON_NAME = AppIcon;
				ASSETCATALOG_COMPILER_GLOBAL_ACCENT_COLOR_NAME = AccentColor;
				CLANG_ENABLE_MODULES = YES;
				CODE_SIGN_STYLE = Automatic;
				CURRENT_PROJECT_VERSION = 3;
				DEVELOPMENT_ASSET_PATHS = "\"mcping-widget/Preview Content\"";
				DEVELOPMENT_TEAM = Z79T9AJ776;
				ENABLE_PREVIEWS = YES;
				INFOPLIST_FILE = "mcping-widget/Info.plist";
				IPHONEOS_DEPLOYMENT_TARGET = 14.0;
				LD_RUNPATH_SEARCH_PATHS = (
					"$(inherited)",
					"@executable_path/Frameworks",
				);
				LIBRARY_SEARCH_PATHS = "$(PROJECT_DIR)/mcping-widget-lib";
				MARKETING_VERSION = 0.0.1;
				PRODUCT_BUNDLE_IDENTIFIER = "dev.cldfire.minecraft-status";
				PRODUCT_NAME = "$(TARGET_NAME)";
				SWIFT_OBJC_BRIDGING_HEADER = "mcping-widget-lib/mcping-widget-Bridging-Header.h";
				SWIFT_VERSION = 5.0;
				TARGETED_DEVICE_FAMILY = "1,2";
			};
			name = Release;
		};
		4E308AAD25915FBA0073C5D7 /* Debug */ = {
			isa = XCBuildConfiguration;
			buildSettings = {
				ALWAYS_EMBED_SWIFT_STANDARD_LIBRARIES = YES;
				BUNDLE_LOADER = "$(TEST_HOST)";
				CODE_SIGN_STYLE = Automatic;
				DEVELOPMENT_TEAM = Z79T9AJ776;
				INFOPLIST_FILE = "mcping-widgetTests/Info.plist";
				IPHONEOS_DEPLOYMENT_TARGET = 14.0;
				LD_RUNPATH_SEARCH_PATHS = (
					"$(inherited)",
					"@executable_path/Frameworks",
					"@loader_path/Frameworks",
				);
				PRODUCT_BUNDLE_IDENTIFIER = "dev.cldfire.mcping-widgetTests";
				PRODUCT_NAME = "$(TARGET_NAME)";
				SWIFT_VERSION = 5.0;
				TARGETED_DEVICE_FAMILY = "1,2";
				TEST_HOST = "$(BUILT_PRODUCTS_DIR)/McpingWidget.app/McpingWidget";
			};
			name = Debug;
		};
		4E308AAE25915FBA0073C5D7 /* Release */ = {
			isa = XCBuildConfiguration;
			buildSettings = {
				ALWAYS_EMBED_SWIFT_STANDARD_LIBRARIES = YES;
				BUNDLE_LOADER = "$(TEST_HOST)";
				CODE_SIGN_STYLE = Automatic;
				DEVELOPMENT_TEAM = Z79T9AJ776;
				INFOPLIST_FILE = "mcping-widgetTests/Info.plist";
				IPHONEOS_DEPLOYMENT_TARGET = 14.0;
				LD_RUNPATH_SEARCH_PATHS = (
					"$(inherited)",
					"@executable_path/Frameworks",
					"@loader_path/Frameworks",
				);
				PRODUCT_BUNDLE_IDENTIFIER = "dev.cldfire.mcping-widgetTests";
				PRODUCT_NAME = "$(TARGET_NAME)";
				SWIFT_VERSION = 5.0;
				TARGETED_DEVICE_FAMILY = "1,2";
				TEST_HOST = "$(BUILT_PRODUCTS_DIR)/McpingWidget.app/McpingWidget";
			};
			name = Release;
		};
		4E308AB025915FBA0073C5D7 /* Debug */ = {
			isa = XCBuildConfiguration;
			buildSettings = {
				ALWAYS_EMBED_SWIFT_STANDARD_LIBRARIES = YES;
				CODE_SIGN_STYLE = Automatic;
				DEVELOPMENT_TEAM = Z79T9AJ776;
				INFOPLIST_FILE = "mcping-widgetUITests/Info.plist";
				LD_RUNPATH_SEARCH_PATHS = (
					"$(inherited)",
					"@executable_path/Frameworks",
					"@loader_path/Frameworks",
				);
				PRODUCT_BUNDLE_IDENTIFIER = "dev.cldfire.mcping-widgetUITests";
				PRODUCT_NAME = "$(TARGET_NAME)";
				SWIFT_VERSION = 5.0;
				TARGETED_DEVICE_FAMILY = "1,2";
				TEST_TARGET_NAME = "mcping-widget";
			};
			name = Debug;
		};
		4E308AB125915FBA0073C5D7 /* Release */ = {
			isa = XCBuildConfiguration;
			buildSettings = {
				ALWAYS_EMBED_SWIFT_STANDARD_LIBRARIES = YES;
				CODE_SIGN_STYLE = Automatic;
				DEVELOPMENT_TEAM = Z79T9AJ776;
				INFOPLIST_FILE = "mcping-widgetUITests/Info.plist";
				LD_RUNPATH_SEARCH_PATHS = (
					"$(inherited)",
					"@executable_path/Frameworks",
					"@loader_path/Frameworks",
				);
				PRODUCT_BUNDLE_IDENTIFIER = "dev.cldfire.mcping-widgetUITests";
				PRODUCT_NAME = "$(TARGET_NAME)";
				SWIFT_VERSION = 5.0;
				TARGETED_DEVICE_FAMILY = "1,2";
				TEST_TARGET_NAME = "mcping-widget";
			};
			name = Release;
		};
/* End XCBuildConfiguration section */

/* Begin XCConfigurationList section */
		4E258F36259AC7DA0093B65F /* Build configuration list for PBXNativeTarget "McpingWidgetViewExtension" */ = {
			isa = XCConfigurationList;
			buildConfigurations = (
				4E258F34259AC7DA0093B65F /* Debug */,
				4E258F35259AC7DA0093B65F /* Release */,
			);
			defaultConfigurationIsVisible = 0;
			defaultConfigurationName = Release;
		};
		4E308A7F25915FB80073C5D7 /* Build configuration list for PBXProject "McpingWidget" */ = {
			isa = XCConfigurationList;
			buildConfigurations = (
				4E308AA725915FBA0073C5D7 /* Debug */,
				4E308AA825915FBA0073C5D7 /* Release */,
			);
			defaultConfigurationIsVisible = 0;
			defaultConfigurationName = Release;
		};
		4E308AA925915FBA0073C5D7 /* Build configuration list for PBXNativeTarget "McpingWidget" */ = {
			isa = XCConfigurationList;
			buildConfigurations = (
				4E308AAA25915FBA0073C5D7 /* Debug */,
				4E308AAB25915FBA0073C5D7 /* Release */,
			);
			defaultConfigurationIsVisible = 0;
			defaultConfigurationName = Release;
		};
		4E308AAC25915FBA0073C5D7 /* Build configuration list for PBXNativeTarget "McpingWidgetTests" */ = {
			isa = XCConfigurationList;
			buildConfigurations = (
				4E308AAD25915FBA0073C5D7 /* Debug */,
				4E308AAE25915FBA0073C5D7 /* Release */,
			);
			defaultConfigurationIsVisible = 0;
			defaultConfigurationName = Release;
		};
		4E308AAF25915FBA0073C5D7 /* Build configuration list for PBXNativeTarget "McpingWidgetUITests" */ = {
			isa = XCConfigurationList;
			buildConfigurations = (
				4E308AB025915FBA0073C5D7 /* Debug */,
				4E308AB125915FBA0073C5D7 /* Release */,
			);
			defaultConfigurationIsVisible = 0;
			defaultConfigurationName = Release;
		};
/* End XCConfigurationList section */
	};
	rootObject = 4E308A7C25915FB80073C5D7 /* Project object */;
}
